// !$*UTF8*$!
{
	archiveVersion = 1;
	classes = {
	};
	objectVersion = 56;
	objects = {

/* Begin PBXBuildFile section */
		A203CC4B2B4D5D6B00F82AB1 /* KeychainServices.swift in Sources */ = {isa = PBXBuildFile; fileRef = A203CC4A2B4D5D6B00F82AB1 /* KeychainServices.swift */; };
		A203CC4D2B4D6A7B00F82AB1 /* KeychainError.swift in Sources */ = {isa = PBXBuildFile; fileRef = A203CC4C2B4D6A7B00F82AB1 /* KeychainError.swift */; };
		A203CC512B4D6CA600F82AB1 /* ViewModel.swift in Sources */ = {isa = PBXBuildFile; fileRef = A203CC502B4D6CA600F82AB1 /* ViewModel.swift */; };
		A25B28FD2B4D781B00D6785A /* SaveDataView.swift in Sources */ = {isa = PBXBuildFile; fileRef = A25B28FC2B4D781B00D6785A /* SaveDataView.swift */; };
		A25B28FF2B4D78E300D6785A /* GetDataView.swift in Sources */ = {isa = PBXBuildFile; fileRef = A25B28FE2B4D78E300D6785A /* GetDataView.swift */; };
		A25B29012B4D78FE00D6785A /* UpdateDataView.swift in Sources */ = {isa = PBXBuildFile; fileRef = A25B29002B4D78FE00D6785A /* UpdateDataView.swift */; };
		A25B29032B4D791700D6785A /* DeleteDataView.swift in Sources */ = {isa = PBXBuildFile; fileRef = A25B29022B4D791700D6785A /* DeleteDataView.swift */; };
		A25B290B2B4D798500D6785A /* Constants.swift in Sources */ = {isa = PBXBuildFile; fileRef = A25B290A2B4D798500D6785A /* Constants.swift */; };
		A2A62F102B4D5C91008B4C1F /* KeychainServicesExampleApp.swift in Sources */ = {isa = PBXBuildFile; fileRef = A2A62F0F2B4D5C91008B4C1F /* KeychainServicesExampleApp.swift */; };
		A2A62F122B4D5C91008B4C1F /* ContentView.swift in Sources */ = {isa = PBXBuildFile; fileRef = A2A62F112B4D5C91008B4C1F /* ContentView.swift */; };
		A2A62F142B4D5C93008B4C1F /* Assets.xcassets in Resources */ = {isa = PBXBuildFile; fileRef = A2A62F132B4D5C93008B4C1F /* Assets.xcassets */; };
		A2A62F172B4D5C93008B4C1F /* Preview Assets.xcassets in Resources */ = {isa = PBXBuildFile; fileRef = A2A62F162B4D5C93008B4C1F /* Preview Assets.xcassets */; };
		A2EED16E2B4DB11000088B27 /* TextFieldFieldModifier.swift in Sources */ = {isa = PBXBuildFile; fileRef = A2EED16D2B4DB11000088B27 /* TextFieldFieldModifier.swift */; };
/* End PBXBuildFile section */

/* Begin PBXFileReference section */
		A203CC4A2B4D5D6B00F82AB1 /* KeychainServices.swift */ = {isa = PBXFileReference; lastKnownFileType = sourcecode.swift; path = KeychainServices.swift; sourceTree = "<group>"; };
		A203CC4C2B4D6A7B00F82AB1 /* KeychainError.swift */ = {isa = PBXFileReference; lastKnownFileType = sourcecode.swift; path = KeychainError.swift; sourceTree = "<group>"; };
		A203CC502B4D6CA600F82AB1 /* ViewModel.swift */ = {isa = PBXFileReference; lastKnownFileType = sourcecode.swift; path = ViewModel.swift; sourceTree = "<group>"; };
		A25B28FC2B4D781B00D6785A /* SaveDataView.swift */ = {isa = PBXFileReference; lastKnownFileType = sourcecode.swift; path = SaveDataView.swift; sourceTree = "<group>"; };
		A25B28FE2B4D78E300D6785A /* GetDataView.swift */ = {isa = PBXFileReference; lastKnownFileType = sourcecode.swift; path = GetDataView.swift; sourceTree = "<group>"; };
		A25B29002B4D78FE00D6785A /* UpdateDataView.swift */ = {isa = PBXFileReference; lastKnownFileType = sourcecode.swift; path = UpdateDataView.swift; sourceTree = "<group>"; };
		A25B29022B4D791700D6785A /* DeleteDataView.swift */ = {isa = PBXFileReference; lastKnownFileType = sourcecode.swift; path = DeleteDataView.swift; sourceTree = "<group>"; };
		A25B290A2B4D798500D6785A /* Constants.swift */ = {isa = PBXFileReference; lastKnownFileType = sourcecode.swift; path = Constants.swift; sourceTree = "<group>"; };
		A2A62F0C2B4D5C91008B4C1F /* KeychainServicesExample.app */ = {isa = PBXFileReference; explicitFileType = wrapper.application; includeInIndex = 0; path = KeychainServicesExample.app; sourceTree = BUILT_PRODUCTS_DIR; };
		A2A62F0F2B4D5C91008B4C1F /* KeychainServicesExampleApp.swift */ = {isa = PBXFileReference; lastKnownFileType = sourcecode.swift; path = KeychainServicesExampleApp.swift; sourceTree = "<group>"; };
		A2A62F112B4D5C91008B4C1F /* ContentView.swift */ = {isa = PBXFileReference; lastKnownFileType = sourcecode.swift; path = ContentView.swift; sourceTree = "<group>"; };
		A2A62F132B4D5C93008B4C1F /* Assets.xcassets */ = {isa = PBXFileReference; lastKnownFileType = folder.assetcatalog; path = Assets.xcassets; sourceTree = "<group>"; };
		A2A62F162B4D5C93008B4C1F /* Preview Assets.xcassets */ = {isa = PBXFileReference; lastKnownFileType = folder.assetcatalog; path = "Preview Assets.xcassets"; sourceTree = "<group>"; };
		A2EED16D2B4DB11000088B27 /* TextFieldFieldModifier.swift */ = {isa = PBXFileReference; lastKnownFileType = sourcecode.swift; path = TextFieldFieldModifier.swift; sourceTree = "<group>"; };
/* End PBXFileReference section */

/* Begin PBXFrameworksBuildPhase section */
		A2A62F092B4D5C91008B4C1F /* Frameworks */ = {
			isa = PBXFrameworksBuildPhase;
			buildActionMask = 2147483647;
			files = (
			);
			runOnlyForDeploymentPostprocessing = 0;
		};
/* End PBXFrameworksBuildPhase section */

/* Begin PBXGroup section */
		A25B29042B4D792800D6785A /* SubViews */ = {
			isa = PBXGroup;
			children = (
				A25B28FC2B4D781B00D6785A /* SaveDataView.swift */,
				A25B29022B4D791700D6785A /* DeleteDataView.swift */,
				A25B29002B4D78FE00D6785A /* UpdateDataView.swift */,
				A25B28FE2B4D78E300D6785A /* GetDataView.swift */,
			);
			path = SubViews;
			sourceTree = "<group>";
		};
		A25B29052B4D793700D6785A /* MainView */ = {
			isa = PBXGroup;
			children = (
				A2A62F0F2B4D5C91008B4C1F /* KeychainServicesExampleApp.swift */,
				A2A62F112B4D5C91008B4C1F /* ContentView.swift */,
			);
			path = MainView;
			sourceTree = "<group>";
		};
		A25B29062B4D794900D6785A /* ViewModel */ = {
			isa = PBXGroup;
			children = (
				A203CC502B4D6CA600F82AB1 /* ViewModel.swift */,
			);
			path = ViewModel;
			sourceTree = "<group>";
		};
		A25B29072B4D795000D6785A /* Model */ = {
			isa = PBXGroup;
			children = (
				A203CC4A2B4D5D6B00F82AB1 /* KeychainServices.swift */,
			);
			path = Model;
			sourceTree = "<group>";
		};
		A25B29082B4D795900D6785A /* ErrorHandling */ = {
			isa = PBXGroup;
			children = (
				A203CC4C2B4D6A7B00F82AB1 /* KeychainError.swift */,
			);
			path = ErrorHandling;
			sourceTree = "<group>";
		};
		A25B29092B4D797600D6785A /* Utility */ = {
			isa = PBXGroup;
			children = (
				A25B290A2B4D798500D6785A /* Constants.swift */,
			);
			path = Utility;
			sourceTree = "<group>";
		};
		A2A62F032B4D5C91008B4C1F = {
			isa = PBXGroup;
			children = (
				A2A62F0E2B4D5C91008B4C1F /* KeychainServicesExample */,
				A2A62F0D2B4D5C91008B4C1F /* Products */,
			);
			sourceTree = "<group>";
		};
		A2A62F0D2B4D5C91008B4C1F /* Products */ = {
			isa = PBXGroup;
			children = (
				A2A62F0C2B4D5C91008B4C1F /* KeychainServicesExample.app */,
			);
			name = Products;
			sourceTree = "<group>";
		};
		A2A62F0E2B4D5C91008B4C1F /* KeychainServicesExample */ = {
			isa = PBXGroup;
			children = (
				A25B29052B4D793700D6785A /* MainView */,
				A25B29042B4D792800D6785A /* SubViews */,
				A25B29072B4D795000D6785A /* Model */,
				A25B29062B4D794900D6785A /* ViewModel */,
				A25B29082B4D795900D6785A /* ErrorHandling */,
				A25B29092B4D797600D6785A /* Utility */,
				A2EED16F2B4DB11900088B27 /* ViewModifier */,
				A2A62F132B4D5C93008B4C1F /* Assets.xcassets */,
				A2A62F152B4D5C93008B4C1F /* Preview Content */,
			);
			path = KeychainServicesExample;
			sourceTree = "<group>";
		};
		A2A62F152B4D5C93008B4C1F /* Preview Content */ = {
			isa = PBXGroup;
			children = (
				A2A62F162B4D5C93008B4C1F /* Preview Assets.xcassets */,
			);
			path = "Preview Content";
			sourceTree = "<group>";
		};
		A2EED16F2B4DB11900088B27 /* ViewModifier */ = {
			isa = PBXGroup;
			children = (
				A2EED16D2B4DB11000088B27 /* TextFieldFieldModifier.swift */,
			);
			path = ViewModifier;
			sourceTree = "<group>";
		};
/* End PBXGroup section */

/* Begin PBXNativeTarget section */
		A2A62F0B2B4D5C91008B4C1F /* KeychainServicesExample */ = {
			isa = PBXNativeTarget;
			buildConfigurationList = A2A62F1A2B4D5C93008B4C1F /* Build configuration list for PBXNativeTarget "KeychainServicesExample" */;
			buildPhases = (
				A2A62F082B4D5C91008B4C1F /* Sources */,
				A2A62F092B4D5C91008B4C1F /* Frameworks */,
				A2A62F0A2B4D5C91008B4C1F /* Resources */,
			);
			buildRules = (
			);
			dependencies = (
			);
			name = KeychainServicesExample;
			productName = KeychainServicesExample;
			productReference = A2A62F0C2B4D5C91008B4C1F /* KeychainServicesExample.app */;
			productType = "com.apple.product-type.application";
		};
/* End PBXNativeTarget section */

/* Begin PBXProject section */
		A2A62F042B4D5C91008B4C1F /* Project object */ = {
			isa = PBXProject;
			attributes = {
				BuildIndependentTargetsInParallel = 1;
				LastSwiftUpdateCheck = 1510;
				LastUpgradeCheck = 1510;
				TargetAttributes = {
					A2A62F0B2B4D5C91008B4C1F = {
						CreatedOnToolsVersion = 15.1;
					};
				};
			};
			buildConfigurationList = A2A62F072B4D5C91008B4C1F /* Build configuration list for PBXProject "KeychainServicesExample" */;
			compatibilityVersion = "Xcode 14.0";
			developmentRegion = en;
			hasScannedForEncodings = 0;
			knownRegions = (
				en,
				Base,
			);
			mainGroup = A2A62F032B4D5C91008B4C1F;
			productRefGroup = A2A62F0D2B4D5C91008B4C1F /* Products */;
			projectDirPath = "";
			projectRoot = "";
			targets = (
				A2A62F0B2B4D5C91008B4C1F /* KeychainServicesExample */,
			);
		};
/* End PBXProject section */

/* Begin PBXResourcesBuildPhase section */
		A2A62F0A2B4D5C91008B4C1F /* Resources */ = {
			isa = PBXResourcesBuildPhase;
			buildActionMask = 2147483647;
			files = (
				A2A62F172B4D5C93008B4C1F /* Preview Assets.xcassets in Resources */,
				A2A62F142B4D5C93008B4C1F /* Assets.xcassets in Resources */,
			);
			runOnlyForDeploymentPostprocessing = 0;
		};
/* End PBXResourcesBuildPhase section */

/* Begin PBXSourcesBuildPhase section */
		A2A62F082B4D5C91008B4C1F /* Sources */ = {
			isa = PBXSourcesBuildPhase;
			buildActionMask = 2147483647;
			files = (
				A203CC512B4D6CA600F82AB1 /* ViewModel.swift in Sources */,
				A203CC4D2B4D6A7B00F82AB1 /* KeychainError.swift in Sources */,
				A25B28FF2B4D78E300D6785A /* GetDataView.swift in Sources */,
				A2A62F122B4D5C91008B4C1F /* ContentView.swift in Sources */,
				A25B29032B4D791700D6785A /* DeleteDataView.swift in Sources */,
				A25B290B2B4D798500D6785A /* Constants.swift in Sources */,
				A203CC4B2B4D5D6B00F82AB1 /* KeychainServices.swift in Sources */,
				A2A62F102B4D5C91008B4C1F /* KeychainServicesExampleApp.swift in Sources */,
				A25B28FD2B4D781B00D6785A /* SaveDataView.swift in Sources */,
				A2EED16E2B4DB11000088B27 /* TextFieldFieldModifier.swift in Sources */,
				A25B29012B4D78FE00D6785A /* UpdateDataView.swift in Sources */,
			);
			runOnlyForDeploymentPostprocessing = 0;
		};
/* End PBXSourcesBuildPhase section */

/* Begin XCBuildConfiguration section */
		A2A62F182B4D5C93008B4C1F /* Debug */ = {
			isa = XCBuildConfiguration;
			buildSettings = {
				ALWAYS_SEARCH_USER_PATHS = NO;
				ASSETCATALOG_COMPILER_GENERATE_SWIFT_ASSET_SYMBOL_EXTENSIONS = YES;
				CLANG_ANALYZER_NONNULL = YES;
				CLANG_ANALYZER_NUMBER_OBJECT_CONVERSION = YES_AGGRESSIVE;
				CLANG_CXX_LANGUAGE_STANDARD = "gnu++20";
				CLANG_ENABLE_MODULES = YES;
				CLANG_ENABLE_OBJC_ARC = YES;
				CLANG_ENABLE_OBJC_WEAK = YES;
				CLANG_WARN_BLOCK_CAPTURE_AUTORELEASING = YES;
				CLANG_WARN_BOOL_CONVERSION = YES;
				CLANG_WARN_COMMA = YES;
				CLANG_WARN_CONSTANT_CONVERSION = YES;
				CLANG_WARN_DEPRECATED_OBJC_IMPLEMENTATIONS = YES;
				CLANG_WARN_DIRECT_OBJC_ISA_USAGE = YES_ERROR;
				CLANG_WARN_DOCUMENTATION_COMMENTS = YES;
				CLANG_WARN_EMPTY_BODY = YES;
				CLANG_WARN_ENUM_CONVERSION = YES;
				CLANG_WARN_INFINITE_RECURSION = YES;
				CLANG_WARN_INT_CONVERSION = YES;
				CLANG_WARN_NON_LITERAL_NULL_CONVERSION = YES;
				CLANG_WARN_OBJC_IMPLICIT_RETAIN_SELF = YES;
				CLANG_WARN_OBJC_LITERAL_CONVERSION = YES;
				CLANG_WARN_OBJC_ROOT_CLASS = YES_ERROR;
				CLANG_WARN_QUOTED_INCLUDE_IN_FRAMEWORK_HEADER = YES;
				CLANG_WARN_RANGE_LOOP_ANALYSIS = YES;
				CLANG_WARN_STRICT_PROTOTYPES = YES;
				CLANG_WARN_SUSPICIOUS_MOVE = YES;
				CLANG_WARN_UNGUARDED_AVAILABILITY = YES_AGGRESSIVE;
				CLANG_WARN_UNREACHABLE_CODE = YES;
				CLANG_WARN__DUPLICATE_METHOD_MATCH = YES;
				COPY_PHASE_STRIP = NO;
				DEBUG_INFORMATION_FORMAT = dwarf;
				ENABLE_STRICT_OBJC_MSGSEND = YES;
				ENABLE_TESTABILITY = YES;
				ENABLE_USER_SCRIPT_SANDBOXING = YES;
				GCC_C_LANGUAGE_STANDARD = gnu17;
				GCC_DYNAMIC_NO_PIC = NO;
				GCC_NO_COMMON_BLOCKS = YES;
				GCC_OPTIMIZATION_LEVEL = 0;
				GCC_PREPROCESSOR_DEFINITIONS = (
					"DEBUG=1",
					"$(inherited)",
				);
				GCC_WARN_64_TO_32_BIT_CONVERSION = YES;
				GCC_WARN_ABOUT_RETURN_TYPE = YES_ERROR;
				GCC_WARN_UNDECLARED_SELECTOR = YES;
				GCC_WARN_UNINITIALIZED_AUTOS = YES_AGGRESSIVE;
				GCC_WARN_UNUSED_FUNCTION = YES;
				GCC_WARN_UNUSED_VARIABLE = YES;
				IPHONEOS_DEPLOYMENT_TARGET = 17.2;
				LOCALIZATION_PREFERS_STRING_CATALOGS = YES;
				MTL_ENABLE_DEBUG_INFO = INCLUDE_SOURCE;
				MTL_FAST_MATH = YES;
				ONLY_ACTIVE_ARCH = YES;
				SDKROOT = iphoneos;
				SWIFT_ACTIVE_COMPILATION_CONDITIONS = "DEBUG $(inherited)";
				SWIFT_OPTIMIZATION_LEVEL = "-Onone";
			};
			name = Debug;
		};
		A2A62F192B4D5C93008B4C1F /* Release */ = {
			isa = XCBuildConfiguration;
			buildSettings = {
				ALWAYS_SEARCH_USER_PATHS = NO;
				ASSETCATALOG_COMPILER_GENERATE_SWIFT_ASSET_SYMBOL_EXTENSIONS = YES;
				CLANG_ANALYZER_NONNULL = YES;
				CLANG_ANALYZER_NUMBER_OBJECT_CONVERSION = YES_AGGRESSIVE;
				CLANG_CXX_LANGUAGE_STANDARD = "gnu++20";
				CLANG_ENABLE_MODULES = YES;
				CLANG_ENABLE_OBJC_ARC = YES;
				CLANG_ENABLE_OBJC_WEAK = YES;
				CLANG_WARN_BLOCK_CAPTURE_AUTORELEASING = YES;
				CLANG_WARN_BOOL_CONVERSION = YES;
				CLANG_WARN_COMMA = YES;
				CLANG_WARN_CONSTANT_CONVERSION = YES;
				CLANG_WARN_DEPRECATED_OBJC_IMPLEMENTATIONS = YES;
				CLANG_WARN_DIRECT_OBJC_ISA_USAGE = YES_ERROR;
				CLANG_WARN_DOCUMENTATION_COMMENTS = YES;
				CLANG_WARN_EMPTY_BODY = YES;
				CLANG_WARN_ENUM_CONVERSION = YES;
				CLANG_WARN_INFINITE_RECURSION = YES;
				CLANG_WARN_INT_CONVERSION = YES;
				CLANG_WARN_NON_LITERAL_NULL_CONVERSION = YES;
				CLANG_WARN_OBJC_IMPLICIT_RETAIN_SELF = YES;
				CLANG_WARN_OBJC_LITERAL_CONVERSION = YES;
				CLANG_WARN_OBJC_ROOT_CLASS = YES_ERROR;
				CLANG_WARN_QUOTED_INCLUDE_IN_FRAMEWORK_HEADER = YES;
				CLANG_WARN_RANGE_LOOP_ANALYSIS = YES;
				CLANG_WARN_STRICT_PROTOTYPES = YES;
				CLANG_WARN_SUSPICIOUS_MOVE = YES;
				CLANG_WARN_UNGUARDED_AVAILABILITY = YES_AGGRESSIVE;
				CLANG_WARN_UNREACHABLE_CODE = YES;
				CLANG_WARN__DUPLICATE_METHOD_MATCH = YES;
				COPY_PHASE_STRIP = NO;
				DEBUG_INFORMATION_FORMAT = "dwarf-with-dsym";
				ENABLE_NS_ASSERTIONS = NO;
				ENABLE_STRICT_OBJC_MSGSEND = YES;
				ENABLE_USER_SCRIPT_SANDBOXING = YES;
				GCC_C_LANGUAGE_STANDARD = gnu17;
				GCC_NO_COMMON_BLOCKS = YES;
				GCC_WARN_64_TO_32_BIT_CONVERSION = YES;
				GCC_WARN_ABOUT_RETURN_TYPE = YES_ERROR;
				GCC_WARN_UNDECLARED_SELECTOR = YES;
				GCC_WARN_UNINITIALIZED_AUTOS = YES_AGGRESSIVE;
				GCC_WARN_UNUSED_FUNCTION = YES;
				GCC_WARN_UNUSED_VARIABLE = YES;
				IPHONEOS_DEPLOYMENT_TARGET = 17.2;
				LOCALIZATION_PREFERS_STRING_CATALOGS = YES;
				MTL_ENABLE_DEBUG_INFO = NO;
				MTL_FAST_MATH = YES;
				SDKROOT = iphoneos;
				SWIFT_COMPILATION_MODE = wholemodule;
				VALIDATE_PRODUCT = YES;
			};
			name = Release;
		};
		A2A62F1B2B4D5C93008B4C1F /* Debug */ = {
			isa = XCBuildConfiguration;
			buildSettings = {
				ASSETCATALOG_COMPILER_APPICON_NAME = AppIcon;
				ASSETCATALOG_COMPILER_GLOBAL_ACCENT_COLOR_NAME = AccentColor;
				CODE_SIGN_STYLE = Automatic;
				CURRENT_PROJECT_VERSION = 1;
				DEVELOPMENT_ASSET_PATHS = "\"KeychainServicesExample/Preview Content\"";
				ENABLE_PREVIEWS = YES;
				GENERATE_INFOPLIST_FILE = YES;
				INFOPLIST_KEY_UIApplicationSceneManifest_Generation = YES;
				INFOPLIST_KEY_UIApplicationSupportsIndirectInputEvents = YES;
				INFOPLIST_KEY_UILaunchScreen_Generation = YES;
				INFOPLIST_KEY_UISupportedInterfaceOrientations_iPad = "UIInterfaceOrientationPortrait UIInterfaceOrientationPortraitUpsideDown UIInterfaceOrientationLandscapeLeft UIInterfaceOrientationLandscapeRight";
				INFOPLIST_KEY_UISupportedInterfaceOrientations_iPhone = "UIInterfaceOrientationPortrait UIInterfaceOrientationLandscapeLeft UIInterfaceOrientationLandscapeRight";
				LD_RUNPATH_SEARCH_PATHS = (
					"$(inherited)",
					"@executable_path/Frameworks",
				);
				MARKETING_VERSION = 1.0;
				PRODUCT_BUNDLE_IDENTIFIER = com.saba.dev.KeychainServicesExample;
				PRODUCT_NAME = "$(TARGET_NAME)";
				SWIFT_EMIT_LOC_STRINGS = YES;
				SWIFT_VERSION = 5.0;
				TARGETED_DEVICE_FAMILY = "1,2";
			};
			name = Debug;
		};
		A2A62F1C2B4D5C93008B4C1F /* Release */ = {
			isa = XCBuildConfiguration;
			buildSettings = {
				ASSETCATALOG_COMPILER_APPICON_NAME = AppIcon;
				ASSETCATALOG_COMPILER_GLOBAL_ACCENT_COLOR_NAME = AccentColor;
				CODE_SIGN_STYLE = Automatic;
				CURRENT_PROJECT_VERSION = 1;
				DEVELOPMENT_ASSET_PATHS = "\"KeychainServicesExample/Preview Content\"";
				ENABLE_PREVIEWS = YES;
				GENERATE_INFOPLIST_FILE = YES;
				INFOPLIST_KEY_UIApplicationSceneManifest_Generation = YES;
				INFOPLIST_KEY_UIApplicationSupportsIndirectInputEvents = YES;
				INFOPLIST_KEY_UILaunchScreen_Generation = YES;
				INFOPLIST_KEY_UISupportedInterfaceOrientations_iPad = "UIInterfaceOrientationPortrait UIInterfaceOrientationPortraitUpsideDown UIInterfaceOrientationLandscapeLeft UIInterfaceOrientationLandscapeRight";
				INFOPLIST_KEY_UISupportedInterfaceOrientations_iPhone = "UIInterfaceOrientationPortrait UIInterfaceOrientationLandscapeLeft UIInterfaceOrientationLandscapeRight";
				LD_RUNPATH_SEARCH_PATHS = (
					"$(inherited)",
					"@executable_path/Frameworks",
				);
				MARKETING_VERSION = 1.0;
				PRODUCT_BUNDLE_IDENTIFIER = com.saba.dev.KeychainServicesExample;
				PRODUCT_NAME = "$(TARGET_NAME)";
				SWIFT_EMIT_LOC_STRINGS = YES;
				SWIFT_VERSION = 5.0;
				TARGETED_DEVICE_FAMILY = "1,2";
			};
			name = Release;
		};
/* End XCBuildConfiguration section */

/* Begin XCConfigurationList section */
		A2A62F072B4D5C91008B4C1F /* Build configuration list for PBXProject "KeychainServicesExample" */ = {
			isa = XCConfigurationList;
			buildConfigurations = (
				A2A62F182B4D5C93008B4C1F /* Debug */,
				A2A62F192B4D5C93008B4C1F /* Release */,
			);
			defaultConfigurationIsVisible = 0;
			defaultConfigurationName = Release;
		};
		A2A62F1A2B4D5C93008B4C1F /* Build configuration list for PBXNativeTarget "KeychainServicesExample" */ = {
			isa = XCConfigurationList;
			buildConfigurations = (
				A2A62F1B2B4D5C93008B4C1F /* Debug */,
				A2A62F1C2B4D5C93008B4C1F /* Release */,
			);
			defaultConfigurationIsVisible = 0;
			defaultConfigurationName = Release;
		};
/* End XCConfigurationList section */
	};
	rootObject = A2A62F042B4D5C91008B4C1F /* Project object */;
}
